
Microsoft Visual Studio Solution File, Format Version 12.00
# Visual Studio 15
VisualStudioVersion = 15.0.27703.2000
MinimumVisualStudioVersion = 10.0.40219.1
Project("{FAE04EC0-301F-11D3-BF4B-00C04F79EFBC}") = "Super_Fighter", "Super_Fighter\Super_Fighter.csproj", "{69BED87D-8D39-48D7-91A1-E432FD7C655A}"
EndProject
Global
	GlobalSection(SolutionConfigurationPlatforms) = preSolution
		Debug|Any CPU = Debug|Any CPU
		Release|Any CPU = Release|Any CPU
	EndGlobalSection
	GlobalSection(ProjectConfigurationPlatforms) = postSolution
		{69BED87D-8D39-48D7-91A1-E432FD7C655A}.Debug|Any CPU.ActiveCfg = Debug|Any CPU
		{69BED87D-8D39-48D7-91A1-E432FD7C655A}.Debug|Any CPU.Build.0 = Debug|Any CPU
		{69BED87D-8D39-48D7-91A1-E432FD7C655A}.Release|Any CPU.ActiveCfg = Release|Any CPU
		{69BED87D-8D39-48D7-91A1-E432FD7C655A}.Release|Any CPU.Build.0 = Release|Any CPU
	EndGlobalSection
	GlobalSection(SolutionProperties) = preSolution
		HideSolutionNode = FALSE
	EndGlobalSection
	GlobalSection(ExtensibilityGlobals) = postSolution
		SolutionGuid = {5CF9B12A-ECEC-48C1-95FF-C1A27BF84EA1}
	EndGlobalSection
EndGlobal
